// !$*UTF8*$!
{
	archiveVersion = 1;
	classes = {
	};
	objectVersion = 46;
	objects = {

/* Begin PBXBuildFile section */
		DB10454A1EEA88BB00BF86A0 /* main.m in Sources */ = {isa = PBXBuildFile; fileRef = DB1045491EEA88BB00BF86A0 /* main.m */; };
		DB10454D1EEA88BB00BF86A0 /* AppDelegate.m in Sources */ = {isa = PBXBuildFile; fileRef = DB10454C1EEA88BB00BF86A0 /* AppDelegate.m */; };
		DB1045501EEA88BB00BF86A0 /* ViewController.m in Sources */ = {isa = PBXBuildFile; fileRef = DB10454F1EEA88BB00BF86A0 /* ViewController.m */; };
		DB1045551EEA88BB00BF86A0 /* Assets.xcassets in Resources */ = {isa = PBXBuildFile; fileRef = DB1045541EEA88BB00BF86A0 /* Assets.xcassets */; };
		DB1045581EEA88BB00BF86A0 /* LaunchScreen.storyboard in Resources */ = {isa = PBXBuildFile; fileRef = DB1045561EEA88BB00BF86A0 /* LaunchScreen.storyboard */; };
		DB1045661EEA88DD00BF86A0 /* YHTDateCalculate.m in Sources */ = {isa = PBXBuildFile; fileRef = DB1045611EEA88DD00BF86A0 /* YHTDateCalculate.m */; };
		DB1045671EEA88DD00BF86A0 /* YHTDatePickViewController+YHTPickViewDelegate.m in Sources */ = {isa = PBXBuildFile; fileRef = DB1045631EEA88DD00BF86A0 /* YHTDatePickViewController+YHTPickViewDelegate.m */; };
		DB1045681EEA88DD00BF86A0 /* YHTDatePickViewController.m in Sources */ = {isa = PBXBuildFile; fileRef = DB1045651EEA88DD00BF86A0 /* YHTDatePickViewController.m */; };
		DB10456B1EEA890400BF86A0 /* DemoViewController.m in Sources */ = {isa = PBXBuildFile; fileRef = DB10456A1EEA890400BF86A0 /* DemoViewController.m */; };
		DB10456D1EEA895A00BF86A0 /* Main.storyboard in Resources */ = {isa = PBXBuildFile; fileRef = DB10456C1EEA895A00BF86A0 /* Main.storyboard */; };
/* End PBXBuildFile section */

/* Begin PBXFileReference section */
		DB1045451EEA88BB00BF86A0 /* YHTDatePicker.app */ = {isa = PBXFileReference; explicitFileType = wrapper.application; includeInIndex = 0; path = YHTDatePicker.app; sourceTree = BUILT_PRODUCTS_DIR; };
		DB1045491EEA88BB00BF86A0 /* main.m */ = {isa = PBXFileReference; lastKnownFileType = sourcecode.c.objc; path = main.m; sourceTree = "<group>"; };
		DB10454B1EEA88BB00BF86A0 /* AppDelegate.h */ = {isa = PBXFileReference; lastKnownFileType = sourcecode.c.h; path = AppDelegate.h; sourceTree = "<group>"; };
		DB10454C1EEA88BB00BF86A0 /* AppDelegate.m */ = {isa = PBXFileReference; lastKnownFileType = sourcecode.c.objc; path = AppDelegate.m; sourceTree = "<group>"; };
		DB10454E1EEA88BB00BF86A0 /* ViewController.h */ = {isa = PBXFileReference; lastKnownFileType = sourcecode.c.h; path = ViewController.h; sourceTree = "<group>"; };
		DB10454F1EEA88BB00BF86A0 /* ViewController.m */ = {isa = PBXFileReference; lastKnownFileType = sourcecode.c.objc; path = ViewController.m; sourceTree = "<group>"; };
		DB1045541EEA88BB00BF86A0 /* Assets.xcassets */ = {isa = PBXFileReference; lastKnownFileType = folder.assetcatalog; path = Assets.xcassets; sourceTree = "<group>"; };
		DB1045571EEA88BB00BF86A0 /* Base */ = {isa = PBXFileReference; lastKnownFileType = file.storyboard; name = Base; path = Base.lproj/LaunchScreen.storyboard; sourceTree = "<group>"; };
		DB1045591EEA88BB00BF86A0 /* Info.plist */ = {isa = PBXFileReference; lastKnownFileType = text.plist.xml; path = Info.plist; sourceTree = "<group>"; };
		DB1045601EEA88DD00BF86A0 /* YHTDateCalculate.h */ = {isa = PBXFileReference; fileEncoding = 4; lastKnownFileType = sourcecode.c.h; path = YHTDateCalculate.h; sourceTree = "<group>"; };
		DB1045611EEA88DD00BF86A0 /* YHTDateCalculate.m */ = {isa = PBXFileReference; fileEncoding = 4; lastKnownFileType = sourcecode.c.objc; path = YHTDateCalculate.m; sourceTree = "<group>"; };
		DB1045621EEA88DD00BF86A0 /* YHTDatePickViewController+YHTPickViewDelegate.h */ = {isa = PBXFileReference; fileEncoding = 4; lastKnownFileType = sourcecode.c.h; path = "YHTDatePickViewController+YHTPickViewDelegate.h"; sourceTree = "<group>"; };
		DB1045631EEA88DD00BF86A0 /* YHTDatePickViewController+YHTPickViewDelegate.m */ = {isa = PBXFileReference; fileEncoding = 4; lastKnownFileType = sourcecode.c.objc; path = "YHTDatePickViewController+YHTPickViewDelegate.m"; sourceTree = "<group>"; };
		DB1045641EEA88DD00BF86A0 /* YHTDatePickViewController.h */ = {isa = PBXFileReference; fileEncoding = 4; lastKnownFileType = sourcecode.c.h; path = YHTDatePickViewController.h; sourceTree = "<group>"; };
		DB1045651EEA88DD00BF86A0 /* YHTDatePickViewController.m */ = {isa = PBXFileReference; fileEncoding = 4; lastKnownFileType = sourcecode.c.objc; path = YHTDatePickViewController.m; sourceTree = "<group>"; };
		DB1045691EEA890400BF86A0 /* DemoViewController.h */ = {isa = PBXFileReference; fileEncoding = 4; lastKnownFileType = sourcecode.c.h; path = DemoViewController.h; sourceTree = "<group>"; };
		DB10456A1EEA890400BF86A0 /* DemoViewController.m */ = {isa = PBXFileReference; fileEncoding = 4; lastKnownFileType = sourcecode.c.objc; path = DemoViewController.m; sourceTree = "<group>"; };
		DB10456C1EEA895A00BF86A0 /* Main.storyboard */ = {isa = PBXFileReference; fileEncoding = 4; lastKnownFileType = file.storyboard; path = Main.storyboard; sourceTree = "<group>"; };
/* End PBXFileReference section */

/* Begin PBXFrameworksBuildPhase section */
		DB1045421EEA88BB00BF86A0 /* Frameworks */ = {
			isa = PBXFrameworksBuildPhase;
			buildActionMask = 2147483647;
			files = (
			);
			runOnlyForDeploymentPostprocessing = 0;
		};
/* End PBXFrameworksBuildPhase section */

/* Begin PBXGroup section */
		DB10453C1EEA88BB00BF86A0 = {
			isa = PBXGroup;
			children = (
				DB1045471EEA88BB00BF86A0 /* YHTDatePicker */,
				DB1045461EEA88BB00BF86A0 /* Products */,
			);
			sourceTree = "<group>";
		};
		DB1045461EEA88BB00BF86A0 /* Products */ = {
			isa = PBXGroup;
			children = (
				DB1045451EEA88BB00BF86A0 /* YHTDatePicker.app */,
			);
			name = Products;
			sourceTree = "<group>";
		};
		DB1045471EEA88BB00BF86A0 /* YHTDatePicker */ = {
			isa = PBXGroup;
			children = (
				DB10455F1EEA88DD00BF86A0 /* datePicker */,
				DB10454B1EEA88BB00BF86A0 /* AppDelegate.h */,
				DB10454C1EEA88BB00BF86A0 /* AppDelegate.m */,
				DB10454E1EEA88BB00BF86A0 /* ViewController.h */,
				DB10454F1EEA88BB00BF86A0 /* ViewController.m */,
				DB1045691EEA890400BF86A0 /* DemoViewController.h */,
				DB10456A1EEA890400BF86A0 /* DemoViewController.m */,
				DB10456C1EEA895A00BF86A0 /* Main.storyboard */,
				DB1045541EEA88BB00BF86A0 /* Assets.xcassets */,
				DB1045561EEA88BB00BF86A0 /* LaunchScreen.storyboard */,
				DB1045591EEA88BB00BF86A0 /* Info.plist */,
				DB1045481EEA88BB00BF86A0 /* Supporting Files */,
			);
			path = YHTDatePicker;
			sourceTree = "<group>";
		};
		DB1045481EEA88BB00BF86A0 /* Supporting Files */ = {
			isa = PBXGroup;
			children = (
				DB1045491EEA88BB00BF86A0 /* main.m */,
			);
			name = "Supporting Files";
			sourceTree = "<group>";
		};
		DB10455F1EEA88DD00BF86A0 /* datePicker */ = {
			isa = PBXGroup;
			children = (
				DB1045601EEA88DD00BF86A0 /* YHTDateCalculate.h */,
				DB1045611EEA88DD00BF86A0 /* YHTDateCalculate.m */,
				DB1045621EEA88DD00BF86A0 /* YHTDatePickViewController+YHTPickViewDelegate.h */,
				DB1045631EEA88DD00BF86A0 /* YHTDatePickViewController+YHTPickViewDelegate.m */,
				DB1045641EEA88DD00BF86A0 /* YHTDatePickViewController.h */,
				DB1045651EEA88DD00BF86A0 /* YHTDatePickViewController.m */,
			);
			path = datePicker;
			sourceTree = "<group>";
		};
/* End PBXGroup section */

/* Begin PBXNativeTarget section */
		DB1045441EEA88BB00BF86A0 /* YHTDatePicker */ = {
			isa = PBXNativeTarget;
			buildConfigurationList = DB10455C1EEA88BB00BF86A0 /* Build configuration list for PBXNativeTarget "YHTDatePicker" */;
			buildPhases = (
				DB1045411EEA88BB00BF86A0 /* Sources */,
				DB1045421EEA88BB00BF86A0 /* Frameworks */,
				DB1045431EEA88BB00BF86A0 /* Resources */,
			);
			buildRules = (
			);
			dependencies = (
			);
			name = YHTDatePicker;
			productName = YHTDatePicker;
			productReference = DB1045451EEA88BB00BF86A0 /* YHTDatePicker.app */;
			productType = "com.apple.product-type.application";
		};
/* End PBXNativeTarget section */

/* Begin PBXProject section */
		DB10453D1EEA88BB00BF86A0 /* Project object */ = {
			isa = PBXProject;
			attributes = {
				LastUpgradeCheck = 0820;
				ORGANIZATIONNAME = isoftstone;
				TargetAttributes = {
					DB1045441EEA88BB00BF86A0 = {
						CreatedOnToolsVersion = 8.2;
						DevelopmentTeam = 3X434F5U2F;
						ProvisioningStyle = Automatic;
					};
				};
			};
			buildConfigurationList = DB1045401EEA88BB00BF86A0 /* Build configuration list for PBXProject "YHTDatePicker" */;
			compatibilityVersion = "Xcode 3.2";
			developmentRegion = English;
			hasScannedForEncodings = 0;
			knownRegions = (
				en,
				Base,
			);
			mainGroup = DB10453C1EEA88BB00BF86A0;
			productRefGroup = DB1045461EEA88BB00BF86A0 /* Products */;
			projectDirPath = "";
			projectRoot = "";
			targets = (
				DB1045441EEA88BB00BF86A0 /* YHTDatePicker */,
			);
		};
/* End PBXProject section */

/* Begin PBXResourcesBuildPhase section */
		DB1045431EEA88BB00BF86A0 /* Resources */ = {
			isa = PBXResourcesBuildPhase;
			buildActionMask = 2147483647;
			files = (
				DB10456D1EEA895A00BF86A0 /* Main.storyboard in Resources */,
				DB1045581EEA88BB00BF86A0 /* LaunchScreen.storyboard in Resources */,
				DB1045551EEA88BB00BF86A0 /* Assets.xcassets in Resources */,
			);
			runOnlyForDeploymentPostprocessing = 0;
		};
/* End PBXResourcesBuildPhase section */

/* Begin PBXSourcesBuildPhase section */
		DB1045411EEA88BB00BF86A0 /* Sources */ = {
			isa = PBXSourcesBuildPhase;
			buildActionMask = 2147483647;
			files = (
				DB1045501EEA88BB00BF86A0 /* ViewController.m in Sources */,
				DB1045681EEA88DD00BF86A0 /* YHTDatePickViewController.m in Sources */,
				DB10454D1EEA88BB00BF86A0 /* AppDelegate.m in Sources */,
				DB1045661EEA88DD00BF86A0 /* YHTDateCalculate.m in Sources */,
				DB10454A1EEA88BB00BF86A0 /* main.m in Sources */,
				DB10456B1EEA890400BF86A0 /* DemoViewController.m in Sources */,
				DB1045671EEA88DD00BF86A0 /* YHTDatePickViewController+YHTPickViewDelegate.m in Sources */,
			);
			runOnlyForDeploymentPostprocessing = 0;
		};
/* End PBXSourcesBuildPhase section */

/* Begin PBXVariantGroup section */
		DB1045561EEA88BB00BF86A0 /* LaunchScreen.storyboard */ = {
			isa = PBXVariantGroup;
			children = (
				DB1045571EEA88BB00BF86A0 /* Base */,
			);
			name = LaunchScreen.storyboard;
			sourceTree = "<group>";
		};
/* End PBXVariantGroup section */

/* Begin XCBuildConfiguration section */
		DB10455A1EEA88BB00BF86A0 /* Debug */ = {
			isa = XCBuildConfiguration;
			buildSettings = {
				ALWAYS_SEARCH_USER_PATHS = NO;
				CLANG_ANALYZER_NONNULL = YES;
				CLANG_CXX_LANGUAGE_STANDARD = "gnu++0x";
				CLANG_CXX_LIBRARY = "libc++";
				CLANG_ENABLE_MODULES = YES;
				CLANG_ENABLE_OBJC_ARC = YES;
				CLANG_WARN_BOOL_CONVERSION = YES;
				CLANG_WARN_CONSTANT_CONVERSION = YES;
				CLANG_WARN_DIRECT_OBJC_ISA_USAGE = YES_ERROR;
				CLANG_WARN_DOCUMENTATION_COMMENTS = YES;
				CLANG_WARN_EMPTY_BODY = YES;
				CLANG_WARN_ENUM_CONVERSION = YES;
				CLANG_WARN_INFINITE_RECURSION = YES;
				CLANG_WARN_INT_CONVERSION = YES;
				CLANG_WARN_OBJC_ROOT_CLASS = YES_ERROR;
				CLANG_WARN_SUSPICIOUS_MOVE = YES;
				CLANG_WARN_UNREACHABLE_CODE = YES;
				CLANG_WARN__DUPLICATE_METHOD_MATCH = YES;
				"CODE_SIGN_IDENTITY[sdk=iphoneos*]" = "iPhone Developer";
				COPY_PHASE_STRIP = NO;
				DEBUG_INFORMATION_FORMAT = dwarf;
				ENABLE_STRICT_OBJC_MSGSEND = YES;
				ENABLE_TESTABILITY = YES;
				GCC_C_LANGUAGE_STANDARD = gnu99;
				GCC_DYNAMIC_NO_PIC = NO;
				GCC_NO_COMMON_BLOCKS = YES;
				GCC_OPTIMIZATION_LEVEL = 0;
				GCC_PREPROCESSOR_DEFINITIONS = (
					"DEBUG=1",
					"$(inherited)",
				);
				GCC_WARN_64_TO_32_BIT_CONVERSION = YES;
				GCC_WARN_ABOUT_RETURN_TYPE = YES_ERROR;
				GCC_WARN_UNDECLARED_SELECTOR = YES;
				GCC_WARN_UNINITIALIZED_AUTOS = YES_AGGRESSIVE;
				GCC_WARN_UNUSED_FUNCTION = YES;
				GCC_WARN_UNUSED_VARIABLE = YES;
				IPHONEOS_DEPLOYMENT_TARGET = 10.2;
				MTL_ENABLE_DEBUG_INFO = YES;
				ONLY_ACTIVE_ARCH = YES;
				SDKROOT = iphoneos;
			};
			name = Debug;
		};
		DB10455B1EEA88BB00BF86A0 /* Release */ = {
			isa = XCBuildConfiguration;
			buildSettings = {
				ALWAYS_SEARCH_USER_PATHS = NO;
				CLANG_ANALYZER_NONNULL = YES;
				CLANG_CXX_LANGUAGE_STANDARD = "gnu++0x";
				CLANG_CXX_LIBRARY = "libc++";
				CLANG_ENABLE_MODULES = YES;
				CLANG_ENABLE_OBJC_ARC = YES;
				CLANG_WARN_BOOL_CONVERSION = YES;
				CLANG_WARN_CONSTANT_CONVERSION = YES;
				CLANG_WARN_DIRECT_OBJC_ISA_USAGE = YES_ERROR;
				CLANG_WARN_DOCUMENTATION_COMMENTS = YES;
				CLANG_WARN_EMPTY_BODY = YES;
				CLANG_WARN_ENUM_CONVERSION = YES;
				CLANG_WARN_INFINITE_RECURSION = YES;
				CLANG_WARN_INT_CONVERSION = YES;
				CLANG_WARN_OBJC_ROOT_CLASS = YES_ERROR;
				CLANG_WARN_SUSPICIOUS_MOVE = YES;
				CLANG_WARN_UNREACHABLE_CODE = YES;
				CLANG_WARN__DUPLICATE_METHOD_MATCH = YES;
				"CODE_SIGN_IDENTITY[sdk=iphoneos*]" = "iPhone Developer";
				COPY_PHASE_STRIP = NO;
				DEBUG_INFORMATION_FORMAT = "dwarf-with-dsym";
				ENABLE_NS_ASSERTIONS = NO;
				ENABLE_STRICT_OBJC_MSGSEND = YES;
				GCC_C_LANGUAGE_STANDARD = gnu99;
				GCC_NO_COMMON_BLOCKS = YES;
				GCC_WARN_64_TO_32_BIT_CONVERSION = YES;
				GCC_WARN_ABOUT_RETURN_TYPE = YES_ERROR;
				GCC_WARN_UNDECLARED_SELECTOR = YES;
				GCC_WARN_UNINITIALIZED_AUTOS = YES_AGGRESSIVE;
				GCC_WARN_UNUSED_FUNCTION = YES;
				GCC_WARN_UNUSED_VARIABLE = YES;
				IPHONEOS_DEPLOYMENT_TARGET = 10.2;
				MTL_ENABLE_DEBUG_INFO = NO;
				SDKROOT = iphoneos;
				VALIDATE_PRODUCT = YES;
			};
			name = Release;
		};
		DB10455D1EEA88BB00BF86A0 /* Debug */ = {
			isa = XCBuildConfiguration;
			buildSettings = {
				ASSETCATALOG_COMPILER_APPICON_NAME = AppIcon;
				DEVELOPMENT_TEAM = 3X434F5U2F;
				INFOPLIST_FILE = YHTDatePicker/Info.plist;
				IPHONEOS_DEPLOYMENT_TARGET = 8.0;
				LD_RUNPATH_SEARCH_PATHS = "$(inherited) @executable_path/Frameworks";
				PRODUCT_BUNDLE_IDENTIFIER = com.develop.all;
				PRODUCT_NAME = "$(TARGET_NAME)";
			};
			name = Debug;
		};
		DB10455E1EEA88BB00BF86A0 /* Release */ = {
			isa = XCBuildConfiguration;
			buildSettings = {
				ASSETCATALOG_COMPILER_APPICON_NAME = AppIcon;
				DEVELOPMENT_TEAM = 3X434F5U2F;
				INFOPLIST_FILE = YHTDatePicker/Info.plist;
				IPHONEOS_DEPLOYMENT_TARGET = 8.0;
				LD_RUNPATH_SEARCH_PATHS = "$(inherited) @executable_path/Frameworks";
				PRODUCT_BUNDLE_IDENTIFIER = com.develop.all;
				PRODUCT_NAME = "$(TARGET_NAME)";
			};
			name = Release;
		};
/* End XCBuildConfiguration section */

/* Begin XCConfigurationList section */
		DB1045401EEA88BB00BF86A0 /* Build configuration list for PBXProject "YHTDatePicker" */ = {
			isa = XCConfigurationList;
			buildConfigurations = (
				DB10455A1EEA88BB00BF86A0 /* Debug */,
				DB10455B1EEA88BB00BF86A0 /* Release */,
			);
			defaultConfigurationIsVisible = 0;
			defaultConfigurationName = Release;
		};
		DB10455C1EEA88BB00BF86A0 /* Build configuration list for PBXNativeTarget "YHTDatePicker" */ = {
			isa = XCConfigurationList;
			buildConfigurations = (
				DB10455D1EEA88BB00BF86A0 /* Debug */,
				DB10455E1EEA88BB00BF86A0 /* Release */,
			);
			defaultConfigurationIsVisible = 0;
		};
/* End XCConfigurationList section */
	};
	rootObject = DB10453D1EEA88BB00BF86A0 /* Project object */;
}
